// !$*UTF8*$!
{
	archiveVersion = 1;
	classes = {
	};
	objectVersion = 50;
	objects = {

/* Begin PBXBuildFile section */
		57AFB57C238E118E00B417A3 /* AppDelegate.swift in Sources */ = {isa = PBXBuildFile; fileRef = 57AFB57B238E118E00B417A3 /* AppDelegate.swift */; };
		57AFB57E238E118E00B417A3 /* SceneDelegate.swift in Sources */ = {isa = PBXBuildFile; fileRef = 57AFB57D238E118E00B417A3 /* SceneDelegate.swift */; };
		57AFB581238E118E00B417A3 /* SuperHero.xcdatamodeld in Sources */ = {isa = PBXBuildFile; fileRef = 57AFB57F238E118E00B417A3 /* SuperHero.xcdatamodeld */; };
		57AFB583238E118E00B417A3 /* ContentView.swift in Sources */ = {isa = PBXBuildFile; fileRef = 57AFB582238E118E00B417A3 /* ContentView.swift */; };
		57AFB585238E118F00B417A3 /* Assets.xcassets in Resources */ = {isa = PBXBuildFile; fileRef = 57AFB584238E118F00B417A3 /* Assets.xcassets */; };
		57AFB588238E118F00B417A3 /* Preview Assets.xcassets in Resources */ = {isa = PBXBuildFile; fileRef = 57AFB587238E118F00B417A3 /* Preview Assets.xcassets */; };
		57AFB58B238E118F00B417A3 /* LaunchScreen.storyboard in Resources */ = {isa = PBXBuildFile; fileRef = 57AFB589238E118F00B417A3 /* LaunchScreen.storyboard */; };
		57AFB593238E1A3800B417A3 /* SuperHeroItem.swift in Sources */ = {isa = PBXBuildFile; fileRef = 57AFB592238E1A3800B417A3 /* SuperHeroItem.swift */; };
		57AFB595238E1F4400B417A3 /* SuperHeroItemView.swift in Sources */ = {isa = PBXBuildFile; fileRef = 57AFB594238E1F4400B417A3 /* SuperHeroItemView.swift */; };
		57AFB597238E286F00B417A3 /* AboutSuperHeroView.swift in Sources */ = {isa = PBXBuildFile; fileRef = 57AFB596238E286F00B417A3 /* AboutSuperHeroView.swift */; };
		57AFB599238E28F000B417A3 /* SuperHeroViewModel.swift in Sources */ = {isa = PBXBuildFile; fileRef = 57AFB598238E28F000B417A3 /* SuperHeroViewModel.swift */; };
		57AFB59B238E298600B417A3 /* SuperHero.swift in Sources */ = {isa = PBXBuildFile; fileRef = 57AFB59A238E298600B417A3 /* SuperHero.swift */; };
		57AFB5A1238E46F000B417A3 /* SuperHeroService.swift in Sources */ = {isa = PBXBuildFile; fileRef = 57AFB5A0238E46EF00B417A3 /* SuperHeroService.swift */; };
		57AFB5A3238E4A1F00B417A3 /* AddNewSuperHeroView.swift in Sources */ = {isa = PBXBuildFile; fileRef = 57AFB5A2238E4A1F00B417A3 /* AddNewSuperHeroView.swift */; };
		57AFB5A5238E4D3000B417A3 /* SuperHeroSelectedViewModel.swift in Sources */ = {isa = PBXBuildFile; fileRef = 57AFB5A4238E4D3000B417A3 /* SuperHeroSelectedViewModel.swift */; };
/* End PBXBuildFile section */

/* Begin PBXFileReference section */
		57AFB578238E118E00B417A3 /* SuperHero.app */ = {isa = PBXFileReference; explicitFileType = wrapper.application; includeInIndex = 0; path = SuperHero.app; sourceTree = BUILT_PRODUCTS_DIR; };
		57AFB57B238E118E00B417A3 /* AppDelegate.swift */ = {isa = PBXFileReference; lastKnownFileType = sourcecode.swift; path = AppDelegate.swift; sourceTree = "<group>"; };
		57AFB57D238E118E00B417A3 /* SceneDelegate.swift */ = {isa = PBXFileReference; lastKnownFileType = sourcecode.swift; path = SceneDelegate.swift; sourceTree = "<group>"; };
		57AFB580238E118E00B417A3 /* SuperHero.xcdatamodel */ = {isa = PBXFileReference; lastKnownFileType = wrapper.xcdatamodel; path = SuperHero.xcdatamodel; sourceTree = "<group>"; };
		57AFB582238E118E00B417A3 /* ContentView.swift */ = {isa = PBXFileReference; lastKnownFileType = sourcecode.swift; path = ContentView.swift; sourceTree = "<group>"; };
		57AFB584238E118F00B417A3 /* Assets.xcassets */ = {isa = PBXFileReference; lastKnownFileType = folder.assetcatalog; path = Assets.xcassets; sourceTree = "<group>"; };
		57AFB587238E118F00B417A3 /* Preview Assets.xcassets */ = {isa = PBXFileReference; lastKnownFileType = folder.assetcatalog; path = "Preview Assets.xcassets"; sourceTree = "<group>"; };
		57AFB58A238E118F00B417A3 /* Base */ = {isa = PBXFileReference; lastKnownFileType = file.storyboard; name = Base; path = Base.lproj/LaunchScreen.storyboard; sourceTree = "<group>"; };
		57AFB58C238E118F00B417A3 /* Info.plist */ = {isa = PBXFileReference; lastKnownFileType = text.plist.xml; path = Info.plist; sourceTree = "<group>"; };
		57AFB592238E1A3800B417A3 /* SuperHeroItem.swift */ = {isa = PBXFileReference; lastKnownFileType = sourcecode.swift; path = SuperHeroItem.swift; sourceTree = "<group>"; };
		57AFB594238E1F4400B417A3 /* SuperHeroItemView.swift */ = {isa = PBXFileReference; lastKnownFileType = sourcecode.swift; path = SuperHeroItemView.swift; sourceTree = "<group>"; };
		57AFB596238E286F00B417A3 /* AboutSuperHeroView.swift */ = {isa = PBXFileReference; lastKnownFileType = sourcecode.swift; path = AboutSuperHeroView.swift; sourceTree = "<group>"; };
		57AFB598238E28F000B417A3 /* SuperHeroViewModel.swift */ = {isa = PBXFileReference; lastKnownFileType = sourcecode.swift; path = SuperHeroViewModel.swift; sourceTree = "<group>"; };
		57AFB59A238E298600B417A3 /* SuperHero.swift */ = {isa = PBXFileReference; lastKnownFileType = sourcecode.swift; path = SuperHero.swift; sourceTree = "<group>"; };
		57AFB5A0238E46EF00B417A3 /* SuperHeroService.swift */ = {isa = PBXFileReference; lastKnownFileType = sourcecode.swift; path = SuperHeroService.swift; sourceTree = "<group>"; };
		57AFB5A2238E4A1F00B417A3 /* AddNewSuperHeroView.swift */ = {isa = PBXFileReference; lastKnownFileType = sourcecode.swift; path = AddNewSuperHeroView.swift; sourceTree = "<group>"; };
		57AFB5A4238E4D3000B417A3 /* SuperHeroSelectedViewModel.swift */ = {isa = PBXFileReference; lastKnownFileType = sourcecode.swift; path = SuperHeroSelectedViewModel.swift; sourceTree = "<group>"; };
/* End PBXFileReference section */

/* Begin PBXFrameworksBuildPhase section */
		57AFB575238E118E00B417A3 /* Frameworks */ = {
			isa = PBXFrameworksBuildPhase;
			buildActionMask = 2147483647;
			files = (
			);
			runOnlyForDeploymentPostprocessing = 0;
		};
/* End PBXFrameworksBuildPhase section */

/* Begin PBXGroup section */
		57AFB56F238E118E00B417A3 = {
			isa = PBXGroup;
			children = (
				57AFB57A238E118E00B417A3 /* SuperHero */,
				57AFB579238E118E00B417A3 /* Products */,
			);
			sourceTree = "<group>";
		};
		57AFB579238E118E00B417A3 /* Products */ = {
			isa = PBXGroup;
			children = (
				57AFB578238E118E00B417A3 /* SuperHero.app */,
			);
			name = Products;
			sourceTree = "<group>";
		};
		57AFB57A238E118E00B417A3 /* SuperHero */ = {
			isa = PBXGroup;
			children = (
				57AFB59F238E46D400B417A3 /* Services */,
				57AFB59E238E454A00B417A3 /* Models */,
				57AFB59D238E452100B417A3 /* ViewModels */,
				57AFB59C238E44FC00B417A3 /* Views */,
				57AFB57D238E118E00B417A3 /* SceneDelegate.swift */,
				57AFB584238E118F00B417A3 /* Assets.xcassets */,
				57AFB589238E118F00B417A3 /* LaunchScreen.storyboard */,
				57AFB57B238E118E00B417A3 /* AppDelegate.swift */,
				57AFB58C238E118F00B417A3 /* Info.plist */,
				57AFB57F238E118E00B417A3 /* SuperHero.xcdatamodeld */,
				57AFB586238E118F00B417A3 /* Preview Content */,
			);
			path = SuperHero;
			sourceTree = "<group>";
		};
		57AFB586238E118F00B417A3 /* Preview Content */ = {
			isa = PBXGroup;
			children = (
				57AFB587238E118F00B417A3 /* Preview Assets.xcassets */,
			);
			path = "Preview Content";
			sourceTree = "<group>";
		};
		57AFB59C238E44FC00B417A3 /* Views */ = {
			isa = PBXGroup;
			children = (
				57AFB594238E1F4400B417A3 /* SuperHeroItemView.swift */,
				57AFB596238E286F00B417A3 /* AboutSuperHeroView.swift */,
				57AFB582238E118E00B417A3 /* ContentView.swift */,
				57AFB5A2238E4A1F00B417A3 /* AddNewSuperHeroView.swift */,
			);
			path = Views;
			sourceTree = "<group>";
		};
		57AFB59D238E452100B417A3 /* ViewModels */ = {
			isa = PBXGroup;
			children = (
				57AFB598238E28F000B417A3 /* SuperHeroViewModel.swift */,
				57AFB5A4238E4D3000B417A3 /* SuperHeroSelectedViewModel.swift */,
			);
			path = ViewModels;
			sourceTree = "<group>";
		};
		57AFB59E238E454A00B417A3 /* Models */ = {
			isa = PBXGroup;
			children = (
				57AFB592238E1A3800B417A3 /* SuperHeroItem.swift */,
				57AFB59A238E298600B417A3 /* SuperHero.swift */,
			);
			path = Models;
			sourceTree = "<group>";
		};
		57AFB59F238E46D400B417A3 /* Services */ = {
			isa = PBXGroup;
			children = (
				57AFB5A0238E46EF00B417A3 /* SuperHeroService.swift */,
			);
			path = Services;
			sourceTree = "<group>";
		};
/* End PBXGroup section */

/* Begin PBXNativeTarget section */
		57AFB577238E118E00B417A3 /* SuperHero */ = {
			isa = PBXNativeTarget;
			buildConfigurationList = 57AFB58F238E118F00B417A3 /* Build configuration list for PBXNativeTarget "SuperHero" */;
			buildPhases = (
				57AFB574238E118E00B417A3 /* Sources */,
				57AFB575238E118E00B417A3 /* Frameworks */,
				57AFB576238E118E00B417A3 /* Resources */,
			);
			buildRules = (
			);
			dependencies = (
			);
			name = SuperHero;
			productName = SuperHero;
			productReference = 57AFB578238E118E00B417A3 /* SuperHero.app */;
			productType = "com.apple.product-type.application";
		};
/* End PBXNativeTarget section */

/* Begin PBXProject section */
		57AFB570238E118E00B417A3 /* Project object */ = {
			isa = PBXProject;
			attributes = {
				LastSwiftUpdateCheck = 1110;
				LastUpgradeCheck = 1110;
				ORGANIZATIONNAME = UPC;
				TargetAttributes = {
					57AFB577238E118E00B417A3 = {
						CreatedOnToolsVersion = 11.1;
					};
				};
			};
			buildConfigurationList = 57AFB573238E118E00B417A3 /* Build configuration list for PBXProject "SuperHero" */;
			compatibilityVersion = "Xcode 9.3";
			developmentRegion = en;
			hasScannedForEncodings = 0;
			knownRegions = (
				en,
				Base,
			);
			mainGroup = 57AFB56F238E118E00B417A3;
			productRefGroup = 57AFB579238E118E00B417A3 /* Products */;
			projectDirPath = "";
			projectRoot = "";
			targets = (
				57AFB577238E118E00B417A3 /* SuperHero */,
			);
		};
/* End PBXProject section */

/* Begin PBXResourcesBuildPhase section */
		57AFB576238E118E00B417A3 /* Resources */ = {
			isa = PBXResourcesBuildPhase;
			buildActionMask = 2147483647;
			files = (
				57AFB58B238E118F00B417A3 /* LaunchScreen.storyboard in Resources */,
				57AFB588238E118F00B417A3 /* Preview Assets.xcassets in Resources */,
				57AFB585238E118F00B417A3 /* Assets.xcassets in Resources */,
			);
			runOnlyForDeploymentPostprocessing = 0;
		};
/* End PBXResourcesBuildPhase section */

/* Begin PBXSourcesBuildPhase section */
		57AFB574238E118E00B417A3 /* Sources */ = {
			isa = PBXSourcesBuildPhase;
			buildActionMask = 2147483647;
			files = (
				57AFB593238E1A3800B417A3 /* SuperHeroItem.swift in Sources */,
				57AFB595238E1F4400B417A3 /* SuperHeroItemView.swift in Sources */,
				57AFB57C238E118E00B417A3 /* AppDelegate.swift in Sources */,
				57AFB5A3238E4A1F00B417A3 /* AddNewSuperHeroView.swift in Sources */,
				57AFB5A1238E46F000B417A3 /* SuperHeroService.swift in Sources */,
				57AFB57E238E118E00B417A3 /* SceneDelegate.swift in Sources */,
				57AFB599238E28F000B417A3 /* SuperHeroViewModel.swift in Sources */,
				57AFB59B238E298600B417A3 /* SuperHero.swift in Sources */,
				57AFB583238E118E00B417A3 /* ContentView.swift in Sources */,
				57AFB581238E118E00B417A3 /* SuperHero.xcdatamodeld in Sources */,
				57AFB5A5238E4D3000B417A3 /* SuperHeroSelectedViewModel.swift in Sources */,
				57AFB597238E286F00B417A3 /* AboutSuperHeroView.swift in Sources */,
			);
			runOnlyForDeploymentPostprocessing = 0;
		};
/* End PBXSourcesBuildPhase section */

/* Begin PBXVariantGroup section */
		57AFB589238E118F00B417A3 /* LaunchScreen.storyboard */ = {
			isa = PBXVariantGroup;
			children = (
				57AFB58A238E118F00B417A3 /* Base */,
			);
			name = LaunchScreen.storyboard;
			sourceTree = "<group>";
		};
/* End PBXVariantGroup section */

/* Begin XCBuildConfiguration section */
		57AFB58D238E118F00B417A3 /* Debug */ = {
			isa = XCBuildConfiguration;
			buildSettings = {
				ALWAYS_SEARCH_USER_PATHS = NO;
				CLANG_ANALYZER_NONNULL = YES;
				CLANG_ANALYZER_NUMBER_OBJECT_CONVERSION = YES_AGGRESSIVE;
				CLANG_CXX_LANGUAGE_STANDARD = "gnu++14";
				CLANG_CXX_LIBRARY = "libc++";
				CLANG_ENABLE_MODULES = YES;
				CLANG_ENABLE_OBJC_ARC = YES;
				CLANG_ENABLE_OBJC_WEAK = YES;
				CLANG_WARN_BLOCK_CAPTURE_AUTORELEASING = YES;
				CLANG_WARN_BOOL_CONVERSION = YES;
				CLANG_WARN_COMMA = YES;
				CLANG_WARN_CONSTANT_CONVERSION = YES;
				CLANG_WARN_DEPRECATED_OBJC_IMPLEMENTATIONS = YES;
				CLANG_WARN_DIRECT_OBJC_ISA_USAGE = YES_ERROR;
				CLANG_WARN_DOCUMENTATION_COMMENTS = YES;
				CLANG_WARN_EMPTY_BODY = YES;
				CLANG_WARN_ENUM_CONVERSION = YES;
				CLANG_WARN_INFINITE_RECURSION = YES;
				CLANG_WARN_INT_CONVERSION = YES;
				CLANG_WARN_NON_LITERAL_NULL_CONVERSION = YES;
				CLANG_WARN_OBJC_IMPLICIT_RETAIN_SELF = YES;
				CLANG_WARN_OBJC_LITERAL_CONVERSION = YES;
				CLANG_WARN_OBJC_ROOT_CLASS = YES_ERROR;
				CLANG_WARN_RANGE_LOOP_ANALYSIS = YES;
				CLANG_WARN_STRICT_PROTOTYPES = YES;
				CLANG_WARN_SUSPICIOUS_MOVE = YES;
				CLANG_WARN_UNGUARDED_AVAILABILITY = YES_AGGRESSIVE;
				CLANG_WARN_UNREACHABLE_CODE = YES;
				CLANG_WARN__DUPLICATE_METHOD_MATCH = YES;
				COPY_PHASE_STRIP = NO;
				DEBUG_INFORMATION_FORMAT = dwarf;
				ENABLE_STRICT_OBJC_MSGSEND = YES;
				ENABLE_TESTABILITY = YES;
				GCC_C_LANGUAGE_STANDARD = gnu11;
				GCC_DYNAMIC_NO_PIC = NO;
				GCC_NO_COMMON_BLOCKS = YES;
				GCC_OPTIMIZATION_LEVEL = 0;
				GCC_PREPROCESSOR_DEFINITIONS = (
					"DEBUG=1",
					"$(inherited)",
				);
				GCC_WARN_64_TO_32_BIT_CONVERSION = YES;
				GCC_WARN_ABOUT_RETURN_TYPE = YES_ERROR;
				GCC_WARN_UNDECLARED_SELECTOR = YES;
				GCC_WARN_UNINITIALIZED_AUTOS = YES_AGGRESSIVE;
				GCC_WARN_UNUSED_FUNCTION = YES;
				GCC_WARN_UNUSED_VARIABLE = YES;
				IPHONEOS_DEPLOYMENT_TARGET = 13.1;
				MTL_ENABLE_DEBUG_INFO = INCLUDE_SOURCE;
				MTL_FAST_MATH = YES;
				ONLY_ACTIVE_ARCH = YES;
				SDKROOT = iphoneos;
				SWIFT_ACTIVE_COMPILATION_CONDITIONS = DEBUG;
				SWIFT_OPTIMIZATION_LEVEL = "-Onone";
			};
			name = Debug;
		};
		57AFB58E238E118F00B417A3 /* Release */ = {
			isa = XCBuildConfiguration;
			buildSettings = {
				ALWAYS_SEARCH_USER_PATHS = NO;
				CLANG_ANALYZER_NONNULL = YES;
				CLANG_ANALYZER_NUMBER_OBJECT_CONVERSION = YES_AGGRESSIVE;
				CLANG_CXX_LANGUAGE_STANDARD = "gnu++14";
				CLANG_CXX_LIBRARY = "libc++";
				CLANG_ENABLE_MODULES = YES;
				CLANG_ENABLE_OBJC_ARC = YES;
				CLANG_ENABLE_OBJC_WEAK = YES;
				CLANG_WARN_BLOCK_CAPTURE_AUTORELEASING = YES;
				CLANG_WARN_BOOL_CONVERSION = YES;
				CLANG_WARN_COMMA = YES;
				CLANG_WARN_CONSTANT_CONVERSION = YES;
				CLANG_WARN_DEPRECATED_OBJC_IMPLEMENTATIONS = YES;
				CLANG_WARN_DIRECT_OBJC_ISA_USAGE = YES_ERROR;
				CLANG_WARN_DOCUMENTATION_COMMENTS = YES;
				CLANG_WARN_EMPTY_BODY = YES;
				CLANG_WARN_ENUM_CONVERSION = YES;
				CLANG_WARN_INFINITE_RECURSION = YES;
				CLANG_WARN_INT_CONVERSION = YES;
				CLANG_WARN_NON_LITERAL_NULL_CONVERSION = YES;
				CLANG_WARN_OBJC_IMPLICIT_RETAIN_SELF = YES;
				CLANG_WARN_OBJC_LITERAL_CONVERSION = YES;
				CLANG_WARN_OBJC_ROOT_CLASS = YES_ERROR;
				CLANG_WARN_RANGE_LOOP_ANALYSIS = YES;
				CLANG_WARN_STRICT_PROTOTYPES = YES;
				CLANG_WARN_SUSPICIOUS_MOVE = YES;
				CLANG_WARN_UNGUARDED_AVAILABILITY = YES_AGGRESSIVE;
				CLANG_WARN_UNREACHABLE_CODE = YES;
				CLANG_WARN__DUPLICATE_METHOD_MATCH = YES;
				COPY_PHASE_STRIP = NO;
				DEBUG_INFORMATION_FORMAT = "dwarf-with-dsym";
				ENABLE_NS_ASSERTIONS = NO;
				ENABLE_STRICT_OBJC_MSGSEND = YES;
				GCC_C_LANGUAGE_STANDARD = gnu11;
				GCC_NO_COMMON_BLOCKS = YES;
				GCC_WARN_64_TO_32_BIT_CONVERSION = YES;
				GCC_WARN_ABOUT_RETURN_TYPE = YES_ERROR;
				GCC_WARN_UNDECLARED_SELECTOR = YES;
				GCC_WARN_UNINITIALIZED_AUTOS = YES_AGGRESSIVE;
				GCC_WARN_UNUSED_FUNCTION = YES;
				GCC_WARN_UNUSED_VARIABLE = YES;
				IPHONEOS_DEPLOYMENT_TARGET = 13.1;
				MTL_ENABLE_DEBUG_INFO = NO;
				MTL_FAST_MATH = YES;
				SDKROOT = iphoneos;
				SWIFT_COMPILATION_MODE = wholemodule;
				SWIFT_OPTIMIZATION_LEVEL = "-O";
				VALIDATE_PRODUCT = YES;
			};
			name = Release;
		};
		57AFB590238E118F00B417A3 /* Debug */ = {
			isa = XCBuildConfiguration;
			buildSettings = {
				ASSETCATALOG_COMPILER_APPICON_NAME = AppIcon;
				CODE_SIGN_STYLE = Automatic;
				DEVELOPMENT_ASSET_PATHS = "\"SuperHero/Preview Content\"";
				DEVELOPMENT_TEAM = M789T36X4N;
				ENABLE_PREVIEWS = YES;
				INFOPLIST_FILE = SuperHero/Info.plist;
				LD_RUNPATH_SEARCH_PATHS = (
					"$(inherited)",
					"@executable_path/Frameworks",
				);
				PRODUCT_BUNDLE_IDENTIFIER = com.edu.upc.SuperHero;
				PRODUCT_NAME = "$(TARGET_NAME)";
				SWIFT_VERSION = 5.0;
				TARGETED_DEVICE_FAMILY = "1,2";
			};
			name = Debug;
		};
		57AFB591238E118F00B417A3 /* Release */ = {
			isa = XCBuildConfiguration;
			buildSettings = {
				ASSETCATALOG_COMPILER_APPICON_NAME = AppIcon;
				CODE_SIGN_STYLE = Automatic;
				DEVELOPMENT_ASSET_PATHS = "\"SuperHero/Preview Content\"";
				DEVELOPMENT_TEAM = M789T36X4N;
				ENABLE_PREVIEWS = YES;
				INFOPLIST_FILE = SuperHero/Info.plist;
				LD_RUNPATH_SEARCH_PATHS = (
					"$(inherited)",
					"@executable_path/Frameworks",
				);
				PRODUCT_BUNDLE_IDENTIFIER = com.edu.upc.SuperHero;
				PRODUCT_NAME = "$(TARGET_NAME)";
				SWIFT_VERSION = 5.0;
				TARGETED_DEVICE_FAMILY = "1,2";
			};
			name = Release;
		};
/* End XCBuildConfiguration section */

/* Begin XCConfigurationList section */
		57AFB573238E118E00B417A3 /* Build configuration list for PBXProject "SuperHero" */ = {
			isa = XCConfigurationList;
			buildConfigurations = (
				57AFB58D238E118F00B417A3 /* Debug */,
				57AFB58E238E118F00B417A3 /* Release */,
			);
			defaultConfigurationIsVisible = 0;
			defaultConfigurationName = Release;
		};
		57AFB58F238E118F00B417A3 /* Build configuration list for PBXNativeTarget "SuperHero" */ = {
			isa = XCConfigurationList;
			buildConfigurations = (
				57AFB590238E118F00B417A3 /* Debug */,
				57AFB591238E118F00B417A3 /* Release */,
			);
			defaultConfigurationIsVisible = 0;
			defaultConfigurationName = Release;
		};
/* End XCConfigurationList section */

/* Begin XCVersionGroup section */
		57AFB57F238E118E00B417A3 /* SuperHero.xcdatamodeld */ = {
			isa = XCVersionGroup;
			children = (
				57AFB580238E118E00B417A3 /* SuperHero.xcdatamodel */,
			);
			currentVersion = 57AFB580238E118E00B417A3 /* SuperHero.xcdatamodel */;
			path = SuperHero.xcdatamodeld;
			sourceTree = "<group>";
			versionGroupType = wrapper.xcdatamodel;
		};
/* End XCVersionGroup section */
	};
	rootObject = 57AFB570238E118E00B417A3 /* Project object */;
}
